<?xml version="1.0" encoding="utf-8"?>
<Project ToolsVersion="4.0" xmlns="http://schemas.microsoft.com/developer/msbuild/2003">
  <ItemGroup>
    <Filter Include="Source Files">
      <UniqueIdentifier>{4FC737F1-C7A5-4376-A066-2A32D752A2FF}</UniqueIdentifier>
      <Extensions>cpp;c;cc;cxx;def;odl;idl;hpj;bat;asm;asmx</Extensions>
    </Filter>
    <Filter Include="Header Files">
      <UniqueIdentifier>{93995380-89BD-4b04-88EB-625FBE52EBFB}</UniqueIdentifier>
      <Extensions>h;hh;hpp;hxx;hm;inl;inc;xsd</Extensions>
    </Filter>
    <Filter Include="Resource Files">
      <UniqueIdentifier>{67DA6AB6-F800-4c08-8B7A-83BB121AAD01}</UniqueIdentifier>
      <Extensions>rc;ico;cur;bmp;dlg;rc2;rct;bin;rgs;gif;jpg;jpeg;jpe;resx;tiff;tif;png;wav</Extensions>
    </Filter>
  </ItemGroup>
  <ItemGroup>
    <ClCompile Include="Biofarmar.cpp">
      <Filter>Source Files</Filter>
    </ClCompile>
    <ClCompile Include="DatabazaVozidiel.cpp">
      <Filter>Source Files</Filter>
    </ClCompile>
    <ClCompile Include="main.cpp">
      <Filter>Source Files</Filter>
    </ClCompile>
    <ClCompile Include="menu.cpp">
      <Filter>Source Files</Filter>
    </ClCompile>
    <ClCompile Include="structures\structure.cpp">
      <Filter>Source Files</Filter>
    </ClCompile>
    <ClCompile Include="structures\ds_routines.cpp">
      <Filter>Source Files</Filter>
    </ClCompile>
    <ClCompile Include="PredajPolotovaru.cpp">
      <Filter>Source Files</Filter>
    </ClCompile>
    <ClCompile Include="DatabazaBiofarmarov.cpp">
      <Filter>Source Files</Filter>
    </ClCompile>
    <ClCompile Include="DatabazaNakupov.cpp">
      <Filter>Source Files</Filter>
    </ClCompile>
    <ClCompile Include="DatabazaZakaznikov.cpp">
      <Filter>Source Files</Filter>
    </ClCompile>
    <ClCompile Include="DatabazaObjednavok.cpp">
      <Filter>Source Files</Filter>
    </ClCompile>
    <ClCompile Include="Struktury.cpp">
      <Filter>Source Files</Filter>
    </ClCompile>
    <ClCompile Include="Objednavka.cpp">
      <Filter>Source Files</Filter>
    </ClCompile>
    <ClCompile Include="Perzistencia.cpp">
      <Filter>Source Files</Filter>
    </ClCompile>
    <ClCompile Include="Zakaznik.cpp">
      <Filter>Source Files</Filter>
    </ClCompile>
    <ClCompile Include="Vozidlo.cpp">
      <Filter>Source Files</Filter>
    </ClCompile>
    <ClCompile Include="Nakup.cpp">
      <Filter>Source Files</Filter>
    </ClCompile>
    <ClCompile Include="structures\vector\vector.cpp">
      <Filter>Source Files</Filter>
    </ClCompile>
    <ClCompile Include="StrukturyPreVozidlo.cpp">
      <Filter>Source Files</Filter>
    </ClCompile>
  </ItemGroup>
  <ItemGroup>
    <ClInclude Include="Biofarmar.h">
      <Filter>Header Files</Filter>
    </ClInclude>
    <ClInclude Include="DatabazaVozidiel.h">
      <Filter>Header Files</Filter>
    </ClInclude>
    <ClInclude Include="menu.h">
      <Filter>Header Files</Filter>
    </ClInclude>
    <ClInclude Include="Vozidlo.h">
      <Filter>Header Files</Filter>
    </ClInclude>
    <ClInclude Include="structures\ds_routines.h">
      <Filter>Header Files</Filter>
    </ClInclude>
    <ClInclude Include="structures\ds_structure_types.h">
      <Filter>Header Files</Filter>
    </ClInclude>
    <ClInclude Include="structures\heap_monitor.h">
      <Filter>Header Files</Filter>
    </ClInclude>
    <ClInclude Include="structures\structure.h">
      <Filter>Header Files</Filter>
    </ClInclude>
    <ClInclude Include="structures\structure_iterator.h">
      <Filter>Header Files</Filter>
    </ClInclude>
    <ClInclude Include="structures\list\linked_list.h">
      <Filter>Header Files</Filter>
    </ClInclude>
    <ClInclude Include="structures\list\list.h">
      <Filter>Header Files</Filter>
    </ClInclude>
    <ClInclude Include="PredajPolotovaru.h">
      <Filter>Header Files</Filter>
    </ClInclude>
    <ClInclude Include="DatabazaBiofarmarov.h">
      <Filter>Header Files</Filter>
    </ClInclude>
    <ClInclude Include="DatabazaNakupov.h">
      <Filter>Header Files</Filter>
    </ClInclude>
    <ClInclude Include="StrukturyPrePolotovary.h">
      <Filter>Header Files</Filter>
    </ClInclude>
    <ClInclude Include="main.h">
      <Filter>Header Files</Filter>
    </ClInclude>
    <ClInclude Include="StrukturyPreVozidlo.h">
      <Filter>Header Files</Filter>
    </ClInclude>
    <ClInclude Include="Struktury.h">
      <Filter>Header Files</Filter>
    </ClInclude>
    <ClInclude Include="Zakaznik.h">
      <Filter>Header Files</Filter>
    </ClInclude>
    <ClInclude Include="DatabazaZakaznikov.h">
      <Filter>Header Files</Filter>
    </ClInclude>
    <ClInclude Include="Objednavka.h">
      <Filter>Header Files</Filter>
    </ClInclude>
    <ClInclude Include="DatabazaObjednavok.h">
      <Filter>Header Files</Filter>
    </ClInclude>
    <ClInclude Include="Perzistencia.h">
      <Filter>Header Files</Filter>
    </ClInclude>
    <ClInclude Include="Nakup.h">
      <Filter>Header Files</Filter>
    </ClInclude>
    <ClInclude Include="structures\priority_queue\priority_queue.h">
      <Filter>Header Files</Filter>
    </ClInclude>
    <ClInclude Include="structures\priority_queue\priority_queue_list.h">
      <Filter>Header Files</Filter>
    </ClInclude>
    <ClInclude Include="structures\priority_queue\priority_queue_unsorted_array_list.h">
      <Filter>Header Files</Filter>
    </ClInclude>
    <ClInclude Include="structures\list\array_list.h">
      <Filter>Header Files</Filter>
    </ClInclude>
    <ClInclude Include="structures\vector\vector.h">
      <Filter>Header Files</Filter>
    </ClInclude>
  </ItemGroup>
</Project>